
Microsoft Visual Studio Solution File, Format Version 12.00
# Visual Studio Version 17
VisualStudioVersion = 17.8.34408.163
MinimumVisualStudioVersion = 10.0.40219.1
Project("{535C04D7-A2A5-47C7-83E0-B340A995CD1F}") = "CarRentalValidationEx", "CarRentalValidationEx\CarRentalValidationEx.cblproj", "{28587A11-1D58-4B89-96E3-FF5468EE883D}"
EndProject
Global
	GlobalSection(SolutionConfigurationPlatforms) = preSolution
		Debug|x64 = Debug|x64
		Debug|x86 = Debug|x86
		Release|x64 = Release|x64
		Release|x86 = Release|x86
	EndGlobalSection
	GlobalSection(ProjectConfigurationPlatforms) = postSolution
		{28587A11-1D58-4B89-96E3-FF5468EE883D}.Debug|x64.ActiveCfg = Debug|x64
		{28587A11-1D58-4B89-96E3-FF5468EE883D}.Debug|x64.Build.0 = Debug|x64
		{28587A11-1D58-4B89-96E3-FF5468EE883D}.Debug|x86.ActiveCfg = Debug|x86
		{28587A11-1D58-4B89-96E3-FF5468EE883D}.Debug|x86.Build.0 = Debug|x86
		{28587A11-1D58-4B89-96E3-FF5468EE883D}.Release|x64.ActiveCfg = Release|x64
		{28587A11-1D58-4B89-96E3-FF5468EE883D}.Release|x64.Build.0 = Release|x64
		{28587A11-1D58-4B89-96E3-FF5468EE883D}.Release|x86.ActiveCfg = Release|x86
		{28587A11-1D58-4B89-96E3-FF5468EE883D}.Release|x86.Build.0 = Release|x86
	EndGlobalSection
	GlobalSection(SolutionProperties) = preSolution
		HideSolutionNode = FALSE
	EndGlobalSection
	GlobalSection(ExtensibilityGlobals) = postSolution
		SolutionGuid = {9E8D28D7-2159-4E04-BBA3-3875A64503B6}
	EndGlobalSection
EndGlobal
